
Microsoft Visual Studio Solution File, Format Version 12.00
# Visual Studio Version 17
VisualStudioVersion = 17.10.35122.118
MinimumVisualStudioVersion = 10.0.40219.1
Project("{FAE04EC0-301F-11D3-BF4B-00C04F79EFBC}") = "SFyCSm008", "SFyCSm008.csproj", "{CFB87C96-6774-4C1F-9DDC-EE0BEE3FCB72}"
EndProject
Global
	GlobalSection(SolutionConfigurationPlatforms) = preSolution
		Debug|Any CPU = Debug|Any CPU
		Release|Any CPU = Release|Any CPU
	EndGlobalSection
	GlobalSection(ProjectConfigurationPlatforms) = postSolution
		{CFB87C96-6774-4C1F-9DDC-EE0BEE3FCB72}.Debug|Any CPU.ActiveCfg = Debug|Any CPU
		{CFB87C96-6774-4C1F-9DDC-EE0BEE3FCB72}.Debug|Any CPU.Build.0 = Debug|Any CPU
		{CFB87C96-6774-4C1F-9DDC-EE0BEE3FCB72}.Release|Any CPU.ActiveCfg = Release|Any CPU
		{CFB87C96-6774-4C1F-9DDC-EE0BEE3FCB72}.Release|Any CPU.Build.0 = Release|Any CPU
	EndGlobalSection
	GlobalSection(SolutionProperties) = preSolution
		HideSolutionNode = FALSE
	EndGlobalSection
	GlobalSection(ExtensibilityGlobals) = postSolution
		SolutionGuid = {1E51BAAD-7EB5-4075-A53D-89B45AE32DC0}
	EndGlobalSection
EndGlobal
